
Microsoft Visual Studio Solution File, Format Version 12.00
# Visual Studio 14
VisualStudioVersion = 14.0.25420.1
MinimumVisualStudioVersion = 10.0.40219.1
Project("{FAE04EC0-301F-11D3-BF4B-00C04F79EFBC}") = "ZS-Zdravstvena sluzba", "ZS-Zdravstvena sluzba\ZS-Zdravstvena sluzba.csproj", "{5E78F565-3319-4A12-86B6-3123D19465F7}"
EndProject
Project("{FAE04EC0-301F-11D3-BF4B-00C04F79EFBC}") = "BazaN", "BazaN\BazaN.csproj", "{62804A60-700E-4EB6-AEB4-B31107E0861E}"
EndProject
Global
	GlobalSection(SolutionConfigurationPlatforms) = preSolution
		Debug|Any CPU = Debug|Any CPU
		Release|Any CPU = Release|Any CPU
	EndGlobalSection
	GlobalSection(ProjectConfigurationPlatforms) = postSolution
		{5E78F565-3319-4A12-86B6-3123D19465F7}.Debug|Any CPU.ActiveCfg = Debug|Any CPU
		{5E78F565-3319-4A12-86B6-3123D19465F7}.Debug|Any CPU.Build.0 = Debug|Any CPU
		{5E78F565-3319-4A12-86B6-3123D19465F7}.Release|Any CPU.ActiveCfg = Release|Any CPU
		{5E78F565-3319-4A12-86B6-3123D19465F7}.Release|Any CPU.Build.0 = Release|Any CPU
		{62804A60-700E-4EB6-AEB4-B31107E0861E}.Debug|Any CPU.ActiveCfg = Debug|Any CPU
		{62804A60-700E-4EB6-AEB4-B31107E0861E}.Debug|Any CPU.Build.0 = Debug|Any CPU
		{62804A60-700E-4EB6-AEB4-B31107E0861E}.Release|Any CPU.ActiveCfg = Release|Any CPU
		{62804A60-700E-4EB6-AEB4-B31107E0861E}.Release|Any CPU.Build.0 = Release|Any CPU
	EndGlobalSection
	GlobalSection(SolutionProperties) = preSolution
		HideSolutionNode = FALSE
	EndGlobalSection
	GlobalSection(ExtensibilityGlobals) = postSolution
		SolutionGuid = {876A0B60-5E3B-4744-8EAD-17A17CE5E1FA}
	EndGlobalSection
EndGlobal
